
Microsoft Visual Studio Solution File, Format Version 12.00
# Visual Studio Version 17
VisualStudioVersion = 17.10.35013.160
MinimumVisualStudioVersion = 10.0.40219.1
Project("{9A19103F-16F7-4668-BE54-9A1E7A4F7556}") = "SampleApp.Api", "SampleApp.Api\SampleApp.Api.csproj", "{A7D88283-E48C-4A0E-AE16-517975CFC81C}"
EndProject
Project("{9A19103F-16F7-4668-BE54-9A1E7A4F7556}") = "SampleApp.Logging", "SampleApp.Logging\SampleApp.Logging.csproj", "{4B63F891-7145-41C4-A618-9952C95D91EF}"
EndProject
Project("{9A19103F-16F7-4668-BE54-9A1E7A4F7556}") = "SampleApp.Domain", "SampleApp.Domain\SampleApp.Domain.csproj", "{5430AA60-5F67-41D2-A547-9A18F0D78204}"
EndProject
Project("{9A19103F-16F7-4668-BE54-9A1E7A4F7556}") = "SampleApp.Application", "SampleApp.Application\SampleApp.Application.csproj", "{16E7E1FE-AA8D-4DDB-8100-06E7CEA73F7F}"
EndProject
Project("{9A19103F-16F7-4668-BE54-9A1E7A4F7556}") = "SampleApp.Infrastructure", "SampleApp.Infrastructure\SampleApp.Infrastructure.csproj", "{5B2C7501-4E8E-4F4F-95FB-121139F683F6}"
EndProject
Project("{FAE04EC0-301F-11D3-BF4B-00C04F79EFBC}") = "SampleApp.Infrastructure.Persistence", "SampleApp.Infrastructure.Persistence\SampleApp.Infrastructure.Persistence.csproj", "{DFF821B6-2BE1-431C-9C1F-3F1230F3C866}"
EndProject
Global
	GlobalSection(SolutionConfigurationPlatforms) = preSolution
		Debug|Any CPU = Debug|Any CPU
		Release|Any CPU = Release|Any CPU
	EndGlobalSection
	GlobalSection(ProjectConfigurationPlatforms) = postSolution
		{A7D88283-E48C-4A0E-AE16-517975CFC81C}.Debug|Any CPU.ActiveCfg = Debug|Any CPU
		{A7D88283-E48C-4A0E-AE16-517975CFC81C}.Debug|Any CPU.Build.0 = Debug|Any CPU
		{A7D88283-E48C-4A0E-AE16-517975CFC81C}.Release|Any CPU.ActiveCfg = Release|Any CPU
		{A7D88283-E48C-4A0E-AE16-517975CFC81C}.Release|Any CPU.Build.0 = Release|Any CPU
		{4B63F891-7145-41C4-A618-9952C95D91EF}.Debug|Any CPU.ActiveCfg = Debug|Any CPU
		{4B63F891-7145-41C4-A618-9952C95D91EF}.Debug|Any CPU.Build.0 = Debug|Any CPU
		{4B63F891-7145-41C4-A618-9952C95D91EF}.Release|Any CPU.ActiveCfg = Release|Any CPU
		{4B63F891-7145-41C4-A618-9952C95D91EF}.Release|Any CPU.Build.0 = Release|Any CPU
		{5430AA60-5F67-41D2-A547-9A18F0D78204}.Debug|Any CPU.ActiveCfg = Debug|Any CPU
		{5430AA60-5F67-41D2-A547-9A18F0D78204}.Debug|Any CPU.Build.0 = Debug|Any CPU
		{5430AA60-5F67-41D2-A547-9A18F0D78204}.Release|Any CPU.ActiveCfg = Release|Any CPU
		{5430AA60-5F67-41D2-A547-9A18F0D78204}.Release|Any CPU.Build.0 = Release|Any CPU
		{16E7E1FE-AA8D-4DDB-8100-06E7CEA73F7F}.Debug|Any CPU.ActiveCfg = Debug|Any CPU
		{16E7E1FE-AA8D-4DDB-8100-06E7CEA73F7F}.Debug|Any CPU.Build.0 = Debug|Any CPU
		{16E7E1FE-AA8D-4DDB-8100-06E7CEA73F7F}.Release|Any CPU.ActiveCfg = Release|Any CPU
		{16E7E1FE-AA8D-4DDB-8100-06E7CEA73F7F}.Release|Any CPU.Build.0 = Release|Any CPU
		{5B2C7501-4E8E-4F4F-95FB-121139F683F6}.Debug|Any CPU.ActiveCfg = Debug|Any CPU
		{5B2C7501-4E8E-4F4F-95FB-121139F683F6}.Debug|Any CPU.Build.0 = Debug|Any CPU
		{5B2C7501-4E8E-4F4F-95FB-121139F683F6}.Release|Any CPU.ActiveCfg = Release|Any CPU
		{5B2C7501-4E8E-4F4F-95FB-121139F683F6}.Release|Any CPU.Build.0 = Release|Any CPU
		{DFF821B6-2BE1-431C-9C1F-3F1230F3C866}.Debug|Any CPU.ActiveCfg = Debug|Any CPU
		{DFF821B6-2BE1-431C-9C1F-3F1230F3C866}.Debug|Any CPU.Build.0 = Debug|Any CPU
		{DFF821B6-2BE1-431C-9C1F-3F1230F3C866}.Release|Any CPU.ActiveCfg = Release|Any CPU
		{DFF821B6-2BE1-431C-9C1F-3F1230F3C866}.Release|Any CPU.Build.0 = Release|Any CPU
	EndGlobalSection
	GlobalSection(SolutionProperties) = preSolution
		HideSolutionNode = FALSE
	EndGlobalSection
	GlobalSection(ExtensibilityGlobals) = postSolution
		SolutionGuid = {B31DCED4-B61E-425E-A764-DE0412A760BC}
	EndGlobalSection
EndGlobal
